
Microsoft Visual Studio Solution File, Format Version 12.00
# Visual Studio 15
VisualStudioVersion = 15.0.28307.539
MinimumVisualStudioVersion = 10.0.40219.1
Project("{FAE04EC0-301F-11D3-BF4B-00C04F79EFBC}") = "wf_macadress_20190529", "wf_macadress_20190529\wf_macadress_20190529.csproj", "{A6EEFE26-7C9B-4D07-84DD-3243D0B27A4B}"
EndProject
Global
	GlobalSection(SolutionConfigurationPlatforms) = preSolution
		Debug|Any CPU = Debug|Any CPU
		Release|Any CPU = Release|Any CPU
	EndGlobalSection
	GlobalSection(ProjectConfigurationPlatforms) = postSolution
		{A6EEFE26-7C9B-4D07-84DD-3243D0B27A4B}.Debug|Any CPU.ActiveCfg = Debug|Any CPU
		{A6EEFE26-7C9B-4D07-84DD-3243D0B27A4B}.Debug|Any CPU.Build.0 = Debug|Any CPU
		{A6EEFE26-7C9B-4D07-84DD-3243D0B27A4B}.Release|Any CPU.ActiveCfg = Release|Any CPU
		{A6EEFE26-7C9B-4D07-84DD-3243D0B27A4B}.Release|Any CPU.Build.0 = Release|Any CPU
	EndGlobalSection
	GlobalSection(SolutionProperties) = preSolution
		HideSolutionNode = FALSE
	EndGlobalSection
	GlobalSection(ExtensibilityGlobals) = postSolution
		SolutionGuid = {8F37EF3F-6D6F-4D30-A9BA-0C218D309F57}
	EndGlobalSection
EndGlobal
